
Microsoft Visual Studio Solution File, Format Version 12.00
# Visual Studio Version 16
VisualStudioVersion = 16.0.30011.22
MinimumVisualStudioVersion = 10.0.40219.1
Project("{FAE04EC0-301F-11D3-BF4B-00C04F79EFBC}") = "MVCCrud", "MVCCrud.csproj", "{AB3F058C-7CDA-437D-B7E6-BE80AFCF21FD}"
EndProject
Global
	GlobalSection(SolutionConfigurationPlatforms) = preSolution
		Debug|Any CPU = Debug|Any CPU
		Release|Any CPU = Release|Any CPU
	EndGlobalSection
	GlobalSection(ProjectConfigurationPlatforms) = postSolution
		{AB3F058C-7CDA-437D-B7E6-BE80AFCF21FD}.Debug|Any CPU.ActiveCfg = Debug|Any CPU
		{AB3F058C-7CDA-437D-B7E6-BE80AFCF21FD}.Debug|Any CPU.Build.0 = Debug|Any CPU
		{AB3F058C-7CDA-437D-B7E6-BE80AFCF21FD}.Release|Any CPU.ActiveCfg = Release|Any CPU
		{AB3F058C-7CDA-437D-B7E6-BE80AFCF21FD}.Release|Any CPU.Build.0 = Release|Any CPU
	EndGlobalSection
	GlobalSection(SolutionProperties) = preSolution
		HideSolutionNode = FALSE
	EndGlobalSection
	GlobalSection(ExtensibilityGlobals) = postSolution
		SolutionGuid = {C20AA06B-E089-4E43-A8C6-1C0881A9145B}
	EndGlobalSection
EndGlobal
